
Microsoft Visual Studio Solution File, Format Version 12.00
# Visual Studio Version 16
VisualStudioVersion = 16.0.810.7
MinimumVisualStudioVersion = 10.0.40219.1
Project("{FAE04EC0-301F-11D3-BF4B-00C04F79EFBC}") = "Pairs.Android", "Pairs.Android\Pairs.Android.csproj", "{DA4BB144-018D-42A6-A28A-68079E8540B1}"
EndProject
Project("{FAE04EC0-301F-11D3-BF4B-00C04F79EFBC}") = "Pairs.iOS", "Pairs.iOS\Pairs.iOS.csproj", "{BBA8FDCF-EC77-4CD3-9BEF-394FB04752DD}"
EndProject
Project("{FAE04EC0-301F-11D3-BF4B-00C04F79EFBC}") = "Pairs", "Pairs\Pairs.csproj", "{4219C594-0D1F-4C84-9C2D-F6B5C8695E68}"
EndProject
Global
	GlobalSection(SolutionConfigurationPlatforms) = preSolution
		Debug|Any CPU = Debug|Any CPU
		Release|Any CPU = Release|Any CPU
		Debug|iPhoneSimulator = Debug|iPhoneSimulator
		Release|iPhoneSimulator = Release|iPhoneSimulator
		Debug|iPhone = Debug|iPhone
		Release|iPhone = Release|iPhone
	EndGlobalSection
	GlobalSection(ProjectConfigurationPlatforms) = postSolution
		{DA4BB144-018D-42A6-A28A-68079E8540B1}.Debug|Any CPU.ActiveCfg = Debug|Any CPU
		{DA4BB144-018D-42A6-A28A-68079E8540B1}.Debug|Any CPU.Build.0 = Debug|Any CPU
		{DA4BB144-018D-42A6-A28A-68079E8540B1}.Release|Any CPU.ActiveCfg = Release|Any CPU
		{DA4BB144-018D-42A6-A28A-68079E8540B1}.Release|Any CPU.Build.0 = Release|Any CPU
		{DA4BB144-018D-42A6-A28A-68079E8540B1}.Debug|iPhoneSimulator.ActiveCfg = Debug|Any CPU
		{DA4BB144-018D-42A6-A28A-68079E8540B1}.Debug|iPhoneSimulator.Build.0 = Debug|Any CPU
		{DA4BB144-018D-42A6-A28A-68079E8540B1}.Release|iPhoneSimulator.ActiveCfg = Release|Any CPU
		{DA4BB144-018D-42A6-A28A-68079E8540B1}.Release|iPhoneSimulator.Build.0 = Release|Any CPU
		{DA4BB144-018D-42A6-A28A-68079E8540B1}.Debug|iPhone.ActiveCfg = Debug|Any CPU
		{DA4BB144-018D-42A6-A28A-68079E8540B1}.Debug|iPhone.Build.0 = Debug|Any CPU
		{DA4BB144-018D-42A6-A28A-68079E8540B1}.Release|iPhone.ActiveCfg = Release|Any CPU
		{DA4BB144-018D-42A6-A28A-68079E8540B1}.Release|iPhone.Build.0 = Release|Any CPU
		{BBA8FDCF-EC77-4CD3-9BEF-394FB04752DD}.Debug|Any CPU.ActiveCfg = Debug|iPhoneSimulator
		{BBA8FDCF-EC77-4CD3-9BEF-394FB04752DD}.Debug|Any CPU.Build.0 = Debug|iPhoneSimulator
		{BBA8FDCF-EC77-4CD3-9BEF-394FB04752DD}.Release|Any CPU.ActiveCfg = Release|iPhoneSimulator
		{BBA8FDCF-EC77-4CD3-9BEF-394FB04752DD}.Release|Any CPU.Build.0 = Release|iPhoneSimulator
		{BBA8FDCF-EC77-4CD3-9BEF-394FB04752DD}.Debug|iPhoneSimulator.ActiveCfg = Debug|iPhoneSimulator
		{BBA8FDCF-EC77-4CD3-9BEF-394FB04752DD}.Debug|iPhoneSimulator.Build.0 = Debug|iPhoneSimulator
		{BBA8FDCF-EC77-4CD3-9BEF-394FB04752DD}.Release|iPhoneSimulator.ActiveCfg = Release|iPhoneSimulator
		{BBA8FDCF-EC77-4CD3-9BEF-394FB04752DD}.Release|iPhoneSimulator.Build.0 = Release|iPhoneSimulator
		{BBA8FDCF-EC77-4CD3-9BEF-394FB04752DD}.Debug|iPhone.ActiveCfg = Debug|iPhone
		{BBA8FDCF-EC77-4CD3-9BEF-394FB04752DD}.Debug|iPhone.Build.0 = Debug|iPhone
		{BBA8FDCF-EC77-4CD3-9BEF-394FB04752DD}.Release|iPhone.ActiveCfg = Release|iPhone
		{BBA8FDCF-EC77-4CD3-9BEF-394FB04752DD}.Release|iPhone.Build.0 = Release|iPhone
		{4219C594-0D1F-4C84-9C2D-F6B5C8695E68}.Debug|Any CPU.ActiveCfg = Debug|Any CPU
		{4219C594-0D1F-4C84-9C2D-F6B5C8695E68}.Debug|Any CPU.Build.0 = Debug|Any CPU
		{4219C594-0D1F-4C84-9C2D-F6B5C8695E68}.Release|Any CPU.ActiveCfg = Release|Any CPU
		{4219C594-0D1F-4C84-9C2D-F6B5C8695E68}.Release|Any CPU.Build.0 = Release|Any CPU
		{4219C594-0D1F-4C84-9C2D-F6B5C8695E68}.Debug|iPhoneSimulator.ActiveCfg = Debug|Any CPU
		{4219C594-0D1F-4C84-9C2D-F6B5C8695E68}.Debug|iPhoneSimulator.Build.0 = Debug|Any CPU
		{4219C594-0D1F-4C84-9C2D-F6B5C8695E68}.Release|iPhoneSimulator.ActiveCfg = Release|Any CPU
		{4219C594-0D1F-4C84-9C2D-F6B5C8695E68}.Release|iPhoneSimulator.Build.0 = Release|Any CPU
		{4219C594-0D1F-4C84-9C2D-F6B5C8695E68}.Debug|iPhone.ActiveCfg = Debug|Any CPU
		{4219C594-0D1F-4C84-9C2D-F6B5C8695E68}.Debug|iPhone.Build.0 = Debug|Any CPU
		{4219C594-0D1F-4C84-9C2D-F6B5C8695E68}.Release|iPhone.ActiveCfg = Release|Any CPU
		{4219C594-0D1F-4C84-9C2D-F6B5C8695E68}.Release|iPhone.Build.0 = Release|Any CPU
	EndGlobalSection
	GlobalSection(SolutionProperties) = preSolution
		HideSolutionNode = FALSE
	EndGlobalSection
	GlobalSection(ExtensibilityGlobals) = postSolution
		SolutionGuid = {1EF6DC81-EC60-476A-93EC-AC32621B969A}
	EndGlobalSection
EndGlobal
